// !$*UTF8*$!
{
	archiveVersion = 1;
	classes = {
	};
	objectVersion = 52;
	objects = {

/* Begin PBXBuildFile section */
		34413F5023ED1A2400C26AF3 /* FeedKit in Frameworks */ = {isa = PBXBuildFile; productRef = 34413F4F23ED1A2400C26AF3 /* FeedKit */; };
		34413F5323ED1FF800C26AF3 /* Alamofire in Frameworks */ = {isa = PBXBuildFile; productRef = 34413F5223ED1FF800C26AF3 /* Alamofire */; };
		34706C0E23DB9448004B66F3 /* AppDelegate.swift in Sources */ = {isa = PBXBuildFile; fileRef = 34706C0D23DB9448004B66F3 /* AppDelegate.swift */; };
		34706C1023DB9448004B66F3 /* SceneDelegate.swift in Sources */ = {isa = PBXBuildFile; fileRef = 34706C0F23DB9448004B66F3 /* SceneDelegate.swift */; };
		34706C1223DB9448004B66F3 /* ViewController.swift in Sources */ = {isa = PBXBuildFile; fileRef = 34706C1123DB9448004B66F3 /* ViewController.swift */; };
		34706C1523DB9448004B66F3 /* Main.storyboard in Resources */ = {isa = PBXBuildFile; fileRef = 34706C1323DB9448004B66F3 /* Main.storyboard */; };
		34706C1723DB944A004B66F3 /* Assets.xcassets in Resources */ = {isa = PBXBuildFile; fileRef = 34706C1623DB944A004B66F3 /* Assets.xcassets */; };
		34706C1A23DB944A004B66F3 /* LaunchScreen.storyboard in Resources */ = {isa = PBXBuildFile; fileRef = 34706C1823DB944A004B66F3 /* LaunchScreen.storyboard */; };
/* End PBXBuildFile section */

/* Begin PBXFileReference section */
		34706C0A23DB9448004B66F3 /* YAPP.app */ = {isa = PBXFileReference; explicitFileType = wrapper.application; includeInIndex = 0; path = YAPP.app; sourceTree = BUILT_PRODUCTS_DIR; };
		34706C0D23DB9448004B66F3 /* AppDelegate.swift */ = {isa = PBXFileReference; lastKnownFileType = sourcecode.swift; path = AppDelegate.swift; sourceTree = "<group>"; };
		34706C0F23DB9448004B66F3 /* SceneDelegate.swift */ = {isa = PBXFileReference; lastKnownFileType = sourcecode.swift; path = SceneDelegate.swift; sourceTree = "<group>"; };
		34706C1123DB9448004B66F3 /* ViewController.swift */ = {isa = PBXFileReference; lastKnownFileType = sourcecode.swift; path = ViewController.swift; sourceTree = "<group>"; };
		34706C1423DB9448004B66F3 /* Base */ = {isa = PBXFileReference; lastKnownFileType = file.storyboard; name = Base; path = Base.lproj/Main.storyboard; sourceTree = "<group>"; };
		34706C1623DB944A004B66F3 /* Assets.xcassets */ = {isa = PBXFileReference; lastKnownFileType = folder.assetcatalog; path = Assets.xcassets; sourceTree = "<group>"; };
		34706C1923DB944A004B66F3 /* Base */ = {isa = PBXFileReference; lastKnownFileType = file.storyboard; name = Base; path = Base.lproj/LaunchScreen.storyboard; sourceTree = "<group>"; };
		34706C1B23DB944A004B66F3 /* Info.plist */ = {isa = PBXFileReference; lastKnownFileType = text.plist.xml; path = Info.plist; sourceTree = "<group>"; };
/* End PBXFileReference section */

/* Begin PBXFrameworksBuildPhase section */
		34706C0723DB9448004B66F3 /* Frameworks */ = {
			isa = PBXFrameworksBuildPhase;
			buildActionMask = 2147483647;
			files = (
				34413F5023ED1A2400C26AF3 /* FeedKit in Frameworks */,
				34413F5323ED1FF800C26AF3 /* Alamofire in Frameworks */,
			);
			runOnlyForDeploymentPostprocessing = 0;
		};
/* End PBXFrameworksBuildPhase section */

/* Begin PBXGroup section */
		34706C0123DB9448004B66F3 = {
			isa = PBXGroup;
			children = (
				34706C0C23DB9448004B66F3 /* YAPP */,
				34706C0B23DB9448004B66F3 /* Products */,
			);
			sourceTree = "<group>";
		};
		34706C0B23DB9448004B66F3 /* Products */ = {
			isa = PBXGroup;
			children = (
				34706C0A23DB9448004B66F3 /* YAPP.app */,
			);
			name = Products;
			sourceTree = "<group>";
		};
		34706C0C23DB9448004B66F3 /* YAPP */ = {
			isa = PBXGroup;
			children = (
				34706C0D23DB9448004B66F3 /* AppDelegate.swift */,
				34706C0F23DB9448004B66F3 /* SceneDelegate.swift */,
				34706C1123DB9448004B66F3 /* ViewController.swift */,
				34706C1323DB9448004B66F3 /* Main.storyboard */,
				34706C1623DB944A004B66F3 /* Assets.xcassets */,
				34706C1823DB944A004B66F3 /* LaunchScreen.storyboard */,
				34706C1B23DB944A004B66F3 /* Info.plist */,
			);
			path = YAPP;
			sourceTree = "<group>";
		};
/* End PBXGroup section */

/* Begin PBXNativeTarget section */
		34706C0923DB9448004B66F3 /* YAPP */ = {
			isa = PBXNativeTarget;
			buildConfigurationList = 34706C1E23DB944A004B66F3 /* Build configuration list for PBXNativeTarget "YAPP" */;
			buildPhases = (
				34706C0623DB9448004B66F3 /* Sources */,
				34706C0723DB9448004B66F3 /* Frameworks */,
				34706C0823DB9448004B66F3 /* Resources */,
			);
			buildRules = (
			);
			dependencies = (
			);
			name = YAPP;
			packageProductDependencies = (
				34413F4F23ED1A2400C26AF3 /* FeedKit */,
				34413F5223ED1FF800C26AF3 /* Alamofire */,
			);
			productName = YAPP;
			productReference = 34706C0A23DB9448004B66F3 /* YAPP.app */;
			productType = "com.apple.product-type.application";
		};
/* End PBXNativeTarget section */

/* Begin PBXProject section */
		34706C0223DB9448004B66F3 /* Project object */ = {
			isa = PBXProject;
			attributes = {
				LastSwiftUpdateCheck = 1130;
				LastUpgradeCheck = 1130;
				ORGANIZATIONNAME = "Stanivision Inc.";
				TargetAttributes = {
					34706C0923DB9448004B66F3 = {
						CreatedOnToolsVersion = 11.3.1;
					};
				};
			};
			buildConfigurationList = 34706C0523DB9448004B66F3 /* Build configuration list for PBXProject "YAPP" */;
			compatibilityVersion = "Xcode 9.3";
			developmentRegion = en;
			hasScannedForEncodings = 0;
			knownRegions = (
				en,
				Base,
			);
			mainGroup = 34706C0123DB9448004B66F3;
			packageReferences = (
				34413F4E23ED1A2400C26AF3 /* XCRemoteSwiftPackageReference "FeedKit" */,
				34413F5123ED1FF800C26AF3 /* XCRemoteSwiftPackageReference "Alamofire" */,
			);
			productRefGroup = 34706C0B23DB9448004B66F3 /* Products */;
			projectDirPath = "";
			projectRoot = "";
			targets = (
				34706C0923DB9448004B66F3 /* YAPP */,
			);
		};
/* End PBXProject section */

/* Begin PBXResourcesBuildPhase section */
		34706C0823DB9448004B66F3 /* Resources */ = {
			isa = PBXResourcesBuildPhase;
			buildActionMask = 2147483647;
			files = (
				34706C1A23DB944A004B66F3 /* LaunchScreen.storyboard in Resources */,
				34706C1723DB944A004B66F3 /* Assets.xcassets in Resources */,
				34706C1523DB9448004B66F3 /* Main.storyboard in Resources */,
			);
			runOnlyForDeploymentPostprocessing = 0;
		};
/* End PBXResourcesBuildPhase section */

/* Begin PBXSourcesBuildPhase section */
		34706C0623DB9448004B66F3 /* Sources */ = {
			isa = PBXSourcesBuildPhase;
			buildActionMask = 2147483647;
			files = (
				34706C1223DB9448004B66F3 /* ViewController.swift in Sources */,
				34706C0E23DB9448004B66F3 /* AppDelegate.swift in Sources */,
				34706C1023DB9448004B66F3 /* SceneDelegate.swift in Sources */,
			);
			runOnlyForDeploymentPostprocessing = 0;
		};
/* End PBXSourcesBuildPhase section */

/* Begin PBXVariantGroup section */
		34706C1323DB9448004B66F3 /* Main.storyboard */ = {
			isa = PBXVariantGroup;
			children = (
				34706C1423DB9448004B66F3 /* Base */,
			);
			name = Main.storyboard;
			sourceTree = "<group>";
		};
		34706C1823DB944A004B66F3 /* LaunchScreen.storyboard */ = {
			isa = PBXVariantGroup;
			children = (
				34706C1923DB944A004B66F3 /* Base */,
			);
			name = LaunchScreen.storyboard;
			sourceTree = "<group>";
		};
/* End PBXVariantGroup section */

/* Begin XCBuildConfiguration section */
		34706C1C23DB944A004B66F3 /* Debug */ = {
			isa = XCBuildConfiguration;
			buildSettings = {
				ALWAYS_SEARCH_USER_PATHS = NO;
				CLANG_ANALYZER_NONNULL = YES;
				CLANG_ANALYZER_NUMBER_OBJECT_CONVERSION = YES_AGGRESSIVE;
				CLANG_CXX_LANGUAGE_STANDARD = "gnu++14";
				CLANG_CXX_LIBRARY = "libc++";
				CLANG_ENABLE_MODULES = YES;
				CLANG_ENABLE_OBJC_ARC = YES;
				CLANG_ENABLE_OBJC_WEAK = YES;
				CLANG_WARN_BLOCK_CAPTURE_AUTORELEASING = YES;
				CLANG_WARN_BOOL_CONVERSION = YES;
				CLANG_WARN_COMMA = YES;
				CLANG_WARN_CONSTANT_CONVERSION = YES;
				CLANG_WARN_DEPRECATED_OBJC_IMPLEMENTATIONS = YES;
				CLANG_WARN_DIRECT_OBJC_ISA_USAGE = YES_ERROR;
				CLANG_WARN_DOCUMENTATION_COMMENTS = YES;
				CLANG_WARN_EMPTY_BODY = YES;
				CLANG_WARN_ENUM_CONVERSION = YES;
				CLANG_WARN_INFINITE_RECURSION = YES;
				CLANG_WARN_INT_CONVERSION = YES;
				CLANG_WARN_NON_LITERAL_NULL_CONVERSION = YES;
				CLANG_WARN_OBJC_IMPLICIT_RETAIN_SELF = YES;
				CLANG_WARN_OBJC_LITERAL_CONVERSION = YES;
				CLANG_WARN_OBJC_ROOT_CLASS = YES_ERROR;
				CLANG_WARN_RANGE_LOOP_ANALYSIS = YES;
				CLANG_WARN_STRICT_PROTOTYPES = YES;
				CLANG_WARN_SUSPICIOUS_MOVE = YES;
				CLANG_WARN_UNGUARDED_AVAILABILITY = YES_AGGRESSIVE;
				CLANG_WARN_UNREACHABLE_CODE = YES;
				CLANG_WARN__DUPLICATE_METHOD_MATCH = YES;
				COPY_PHASE_STRIP = NO;
				DEBUG_INFORMATION_FORMAT = dwarf;
				ENABLE_STRICT_OBJC_MSGSEND = YES;
				ENABLE_TESTABILITY = YES;
				GCC_C_LANGUAGE_STANDARD = gnu11;
				GCC_DYNAMIC_NO_PIC = NO;
				GCC_NO_COMMON_BLOCKS = YES;
				GCC_OPTIMIZATION_LEVEL = 0;
				GCC_PREPROCESSOR_DEFINITIONS = (
					"DEBUG=1",
					"$(inherited)",
				);
				GCC_WARN_64_TO_32_BIT_CONVERSION = YES;
				GCC_WARN_ABOUT_RETURN_TYPE = YES_ERROR;
				GCC_WARN_UNDECLARED_SELECTOR = YES;
				GCC_WARN_UNINITIALIZED_AUTOS = YES_AGGRESSIVE;
				GCC_WARN_UNUSED_FUNCTION = YES;
				GCC_WARN_UNUSED_VARIABLE = YES;
				IPHONEOS_DEPLOYMENT_TARGET = 13.2;
				MTL_ENABLE_DEBUG_INFO = INCLUDE_SOURCE;
				MTL_FAST_MATH = YES;
				ONLY_ACTIVE_ARCH = YES;
				SDKROOT = iphoneos;
				SWIFT_ACTIVE_COMPILATION_CONDITIONS = DEBUG;
				SWIFT_OPTIMIZATION_LEVEL = "-Onone";
			};
			name = Debug;
		};
		34706C1D23DB944A004B66F3 /* Release */ = {
			isa = XCBuildConfiguration;
			buildSettings = {
				ALWAYS_SEARCH_USER_PATHS = NO;
				CLANG_ANALYZER_NONNULL = YES;
				CLANG_ANALYZER_NUMBER_OBJECT_CONVERSION = YES_AGGRESSIVE;
				CLANG_CXX_LANGUAGE_STANDARD = "gnu++14";
				CLANG_CXX_LIBRARY = "libc++";
				CLANG_ENABLE_MODULES = YES;
				CLANG_ENABLE_OBJC_ARC = YES;
				CLANG_ENABLE_OBJC_WEAK = YES;
				CLANG_WARN_BLOCK_CAPTURE_AUTORELEASING = YES;
				CLANG_WARN_BOOL_CONVERSION = YES;
				CLANG_WARN_COMMA = YES;
				CLANG_WARN_CONSTANT_CONVERSION = YES;
				CLANG_WARN_DEPRECATED_OBJC_IMPLEMENTATIONS = YES;
				CLANG_WARN_DIRECT_OBJC_ISA_USAGE = YES_ERROR;
				CLANG_WARN_DOCUMENTATION_COMMENTS = YES;
				CLANG_WARN_EMPTY_BODY = YES;
				CLANG_WARN_ENUM_CONVERSION = YES;
				CLANG_WARN_INFINITE_RECURSION = YES;
				CLANG_WARN_INT_CONVERSION = YES;
				CLANG_WARN_NON_LITERAL_NULL_CONVERSION = YES;
				CLANG_WARN_OBJC_IMPLICIT_RETAIN_SELF = YES;
				CLANG_WARN_OBJC_LITERAL_CONVERSION = YES;
				CLANG_WARN_OBJC_ROOT_CLASS = YES_ERROR;
				CLANG_WARN_RANGE_LOOP_ANALYSIS = YES;
				CLANG_WARN_STRICT_PROTOTYPES = YES;
				CLANG_WARN_SUSPICIOUS_MOVE = YES;
				CLANG_WARN_UNGUARDED_AVAILABILITY = YES_AGGRESSIVE;
				CLANG_WARN_UNREACHABLE_CODE = YES;
				CLANG_WARN__DUPLICATE_METHOD_MATCH = YES;
				COPY_PHASE_STRIP = NO;
				DEBUG_INFORMATION_FORMAT = "dwarf-with-dsym";
				ENABLE_NS_ASSERTIONS = NO;
				ENABLE_STRICT_OBJC_MSGSEND = YES;
				GCC_C_LANGUAGE_STANDARD = gnu11;
				GCC_NO_COMMON_BLOCKS = YES;
				GCC_WARN_64_TO_32_BIT_CONVERSION = YES;
				GCC_WARN_ABOUT_RETURN_TYPE = YES_ERROR;
				GCC_WARN_UNDECLARED_SELECTOR = YES;
				GCC_WARN_UNINITIALIZED_AUTOS = YES_AGGRESSIVE;
				GCC_WARN_UNUSED_FUNCTION = YES;
				GCC_WARN_UNUSED_VARIABLE = YES;
				IPHONEOS_DEPLOYMENT_TARGET = 13.2;
				MTL_ENABLE_DEBUG_INFO = NO;
				MTL_FAST_MATH = YES;
				SDKROOT = iphoneos;
				SWIFT_COMPILATION_MODE = wholemodule;
				SWIFT_OPTIMIZATION_LEVEL = "-O";
				VALIDATE_PRODUCT = YES;
			};
			name = Release;
		};
		34706C1F23DB944A004B66F3 /* Debug */ = {
			isa = XCBuildConfiguration;
			buildSettings = {
				ASSETCATALOG_COMPILER_APPICON_NAME = AppIcon;
				CODE_SIGN_STYLE = Automatic;
				DEVELOPMENT_TEAM = N93LLCXN23;
				INFOPLIST_FILE = YAPP/Info.plist;
				IPHONEOS_DEPLOYMENT_TARGET = 13.2;
				LD_RUNPATH_SEARCH_PATHS = (
					"$(inherited)",
					"@executable_path/Frameworks",
				);
				PRODUCT_BUNDLE_IDENTIFIER = com.stanivision.YAPP;
				PRODUCT_NAME = "$(TARGET_NAME)";
				SWIFT_VERSION = 5.0;
				TARGETED_DEVICE_FAMILY = "1,2";
			};
			name = Debug;
		};
		34706C2023DB944A004B66F3 /* Release */ = {
			isa = XCBuildConfiguration;
			buildSettings = {
				ASSETCATALOG_COMPILER_APPICON_NAME = AppIcon;
				CODE_SIGN_STYLE = Automatic;
				DEVELOPMENT_TEAM = N93LLCXN23;
				INFOPLIST_FILE = YAPP/Info.plist;
				IPHONEOS_DEPLOYMENT_TARGET = 13.2;
				LD_RUNPATH_SEARCH_PATHS = (
					"$(inherited)",
					"@executable_path/Frameworks",
				);
				PRODUCT_BUNDLE_IDENTIFIER = com.stanivision.YAPP;
				PRODUCT_NAME = "$(TARGET_NAME)";
				SWIFT_VERSION = 5.0;
				TARGETED_DEVICE_FAMILY = "1,2";
			};
			name = Release;
		};
/* End XCBuildConfiguration section */

/* Begin XCConfigurationList section */
		34706C0523DB9448004B66F3 /* Build configuration list for PBXProject "YAPP" */ = {
			isa = XCConfigurationList;
			buildConfigurations = (
				34706C1C23DB944A004B66F3 /* Debug */,
				34706C1D23DB944A004B66F3 /* Release */,
			);
			defaultConfigurationIsVisible = 0;
			defaultConfigurationName = Release;
		};
		34706C1E23DB944A004B66F3 /* Build configuration list for PBXNativeTarget "YAPP" */ = {
			isa = XCConfigurationList;
			buildConfigurations = (
				34706C1F23DB944A004B66F3 /* Debug */,
				34706C2023DB944A004B66F3 /* Release */,
			);
			defaultConfigurationIsVisible = 0;
			defaultConfigurationName = Release;
		};
/* End XCConfigurationList section */

/* Begin XCRemoteSwiftPackageReference section */
		34413F4E23ED1A2400C26AF3 /* XCRemoteSwiftPackageReference "FeedKit" */ = {
			isa = XCRemoteSwiftPackageReference;
			repositoryURL = "https://github.com/nmdias/FeedKit.git";
			requirement = {
				kind = upToNextMajorVersion;
				minimumVersion = 9.0.0;
			};
		};
		34413F5123ED1FF800C26AF3 /* XCRemoteSwiftPackageReference "Alamofire" */ = {
			isa = XCRemoteSwiftPackageReference;
			repositoryURL = "https://github.com/Alamofire/Alamofire.git";
			requirement = {
				kind = upToNextMajorVersion;
				minimumVersion = 4.9.1;
			};
		};
/* End XCRemoteSwiftPackageReference section */

/* Begin XCSwiftPackageProductDependency section */
		34413F4F23ED1A2400C26AF3 /* FeedKit */ = {
			isa = XCSwiftPackageProductDependency;
			package = 34413F4E23ED1A2400C26AF3 /* XCRemoteSwiftPackageReference "FeedKit" */;
			productName = FeedKit;
		};
		34413F5223ED1FF800C26AF3 /* Alamofire */ = {
			isa = XCSwiftPackageProductDependency;
			package = 34413F5123ED1FF800C26AF3 /* XCRemoteSwiftPackageReference "Alamofire" */;
			productName = Alamofire;
		};
/* End XCSwiftPackageProductDependency section */
	};
	rootObject = 34706C0223DB9448004B66F3 /* Project object */;
}
